// !$*UTF8*$!
{
	archiveVersion = 1;
	classes = {
	};
	objectVersion = 48;
	objects = {

/* Begin PBXBuildFile section */
		5A5E46CFBCC1CB189C5F8020 /* libPods-LSDObjcSugarTests.a in Frameworks */ = {isa = PBXBuildFile; fileRef = D217CE8CC198AC7F4769F802 /* libPods-LSDObjcSugarTests.a */; };
		97EB67228C72792FBCD86F4A /* libPods-LSDObjcSugar.a in Frameworks */ = {isa = PBXBuildFile; fileRef = E91E8CDA0795AD002BA5A9A5 /* libPods-LSDObjcSugar.a */; };
		AE8FC6B11FC67CBB363FDEBD /* libPods-LSDObjcSugarUITests.a in Frameworks */ = {isa = PBXBuildFile; fileRef = 9CF86BEFBCBE97E803B7B3E4 /* libPods-LSDObjcSugarUITests.a */; };
		EA17AC67205BA238003CE29A /* UIViewController+LSDResponder.m in Sources */ = {isa = PBXBuildFile; fileRef = EA17AC65205BA237003CE29A /* UIViewController+LSDResponder.m */; };
		EA6472E21FA6F08A002B1D87 /* AppDelegate.m in Sources */ = {isa = PBXBuildFile; fileRef = EA6472E11FA6F08A002B1D87 /* AppDelegate.m */; };
		EA6472E51FA6F08A002B1D87 /* ViewController.m in Sources */ = {isa = PBXBuildFile; fileRef = EA6472E41FA6F08A002B1D87 /* ViewController.m */; };
		EA6472E81FA6F08A002B1D87 /* Main.storyboard in Resources */ = {isa = PBXBuildFile; fileRef = EA6472E61FA6F08A002B1D87 /* Main.storyboard */; };
		EA6472EA1FA6F08A002B1D87 /* Assets.xcassets in Resources */ = {isa = PBXBuildFile; fileRef = EA6472E91FA6F08A002B1D87 /* Assets.xcassets */; };
		EA6472ED1FA6F08A002B1D87 /* LaunchScreen.storyboard in Resources */ = {isa = PBXBuildFile; fileRef = EA6472EB1FA6F08A002B1D87 /* LaunchScreen.storyboard */; };
		EA6472F01FA6F08A002B1D87 /* main.m in Sources */ = {isa = PBXBuildFile; fileRef = EA6472EF1FA6F08A002B1D87 /* main.m */; };
		EAB20E7C1FB03CD5004A3C13 /* UIResponder+LSDObjcSugar.m in Sources */ = {isa = PBXBuildFile; fileRef = EAB20E7B1FB03CD5004A3C13 /* UIResponder+LSDObjcSugar.m */; };
		EAB2AA961FA709280060052F /* MBProgressHUD+LSDObjcSugar.m in Sources */ = {isa = PBXBuildFile; fileRef = EAB2AA7F1FA709280060052F /* MBProgressHUD+LSDObjcSugar.m */; };
		EAB2AA971FA709280060052F /* NSArray+Log.m in Sources */ = {isa = PBXBuildFile; fileRef = EAB2AA811FA709280060052F /* NSArray+Log.m */; };
		EAB2AA981FA709280060052F /* NSBundle+LSDObjcSugar.m in Sources */ = {isa = PBXBuildFile; fileRef = EAB2AA831FA709280060052F /* NSBundle+LSDObjcSugar.m */; };
		EAB2AA991FA709280060052F /* NSDate+LSDObjcSugar.m in Sources */ = {isa = PBXBuildFile; fileRef = EAB2AA851FA709280060052F /* NSDate+LSDObjcSugar.m */; };
		EAB2AA9A1FA709280060052F /* NSString+LSDObjcSugar.m in Sources */ = {isa = PBXBuildFile; fileRef = EAB2AA871FA709280060052F /* NSString+LSDObjcSugar.m */; };
		EAB2AA9B1FA709280060052F /* UIButton+LSDObjcSugar.m in Sources */ = {isa = PBXBuildFile; fileRef = EAB2AA891FA709280060052F /* UIButton+LSDObjcSugar.m */; };
		EAB2AA9C1FA709280060052F /* UIColor+LSDObjcSugar.m in Sources */ = {isa = PBXBuildFile; fileRef = EAB2AA8B1FA709280060052F /* UIColor+LSDObjcSugar.m */; };
		EAB2AA9D1FA709280060052F /* UIImage+LSDObjcSugar.m in Sources */ = {isa = PBXBuildFile; fileRef = EAB2AA8D1FA709280060052F /* UIImage+LSDObjcSugar.m */; };
		EAB2AA9E1FA709280060052F /* UILabel+LSDObjcSugar.m in Sources */ = {isa = PBXBuildFile; fileRef = EAB2AA8F1FA709280060052F /* UILabel+LSDObjcSugar.m */; };
		EAB2AAA01FA709280060052F /* UITableViewCell+LSDObjcSugar.m in Sources */ = {isa = PBXBuildFile; fileRef = EAB2AA931FA709280060052F /* UITableViewCell+LSDObjcSugar.m */; };
		EAB2AAA11FA709280060052F /* UIView+LSDObjcSugar.m in Sources */ = {isa = PBXBuildFile; fileRef = EAB2AA951FA709280060052F /* UIView+LSDObjcSugar.m */; };
		EABF25301FE12655003C4245 /* NSObject+AssociatedObject.m in Sources */ = {isa = PBXBuildFile; fileRef = EABF252F1FE12655003C4245 /* NSObject+AssociatedObject.m */; };
		EABF25331FE21633003C4245 /* UIBarButtonItem+LSDObjcSugar.m in Sources */ = {isa = PBXBuildFile; fileRef = EABF25321FE21633003C4245 /* UIBarButtonItem+LSDObjcSugar.m */; };
/* End PBXBuildFile section */

/* Begin PBXContainerItemProxy section */
		EA6472F61FA6F08A002B1D87 /* PBXContainerItemProxy */ = {
			isa = PBXContainerItemProxy;
			containerPortal = EA6472D51FA6F089002B1D87 /* Project object */;
			proxyType = 1;
			remoteGlobalIDString = EA6472DC1FA6F08A002B1D87;
			remoteInfo = LSDObjcSugar;
		};
		EA6473011FA6F08A002B1D87 /* PBXContainerItemProxy */ = {
			isa = PBXContainerItemProxy;
			containerPortal = EA6472D51FA6F089002B1D87 /* Project object */;
			proxyType = 1;
			remoteGlobalIDString = EA6472DC1FA6F08A002B1D87;
			remoteInfo = LSDObjcSugar;
		};
/* End PBXContainerItemProxy section */

/* Begin PBXFileReference section */
		267BAA3F16CC00AEFD695A24 /* Pods-LSDObjcSugarTests.debug.xcconfig */ = {isa = PBXFileReference; includeInIndex = 1; lastKnownFileType = text.xcconfig; name = "Pods-LSDObjcSugarTests.debug.xcconfig"; path = "Pods/Target Support Files/Pods-LSDObjcSugarTests/Pods-LSDObjcSugarTests.debug.xcconfig"; sourceTree = "<group>"; };
		5423C6EFCDC7A82B1FD8E95B /* Pods-LSDObjcSugarUITests.release.xcconfig */ = {isa = PBXFileReference; includeInIndex = 1; lastKnownFileType = text.xcconfig; name = "Pods-LSDObjcSugarUITests.release.xcconfig"; path = "Pods/Target Support Files/Pods-LSDObjcSugarUITests/Pods-LSDObjcSugarUITests.release.xcconfig"; sourceTree = "<group>"; };
		80B047236493F2AF33F2A949 /* Pods-LSDObjcSugar.debug.xcconfig */ = {isa = PBXFileReference; includeInIndex = 1; lastKnownFileType = text.xcconfig; name = "Pods-LSDObjcSugar.debug.xcconfig"; path = "Pods/Target Support Files/Pods-LSDObjcSugar/Pods-LSDObjcSugar.debug.xcconfig"; sourceTree = "<group>"; };
		9CF86BEFBCBE97E803B7B3E4 /* libPods-LSDObjcSugarUITests.a */ = {isa = PBXFileReference; explicitFileType = archive.ar; includeInIndex = 0; path = "libPods-LSDObjcSugarUITests.a"; sourceTree = BUILT_PRODUCTS_DIR; };
		AEE9554CE6374ACD7C4135C9 /* Pods-LSDObjcSugar.release.xcconfig */ = {isa = PBXFileReference; includeInIndex = 1; lastKnownFileType = text.xcconfig; name = "Pods-LSDObjcSugar.release.xcconfig"; path = "Pods/Target Support Files/Pods-LSDObjcSugar/Pods-LSDObjcSugar.release.xcconfig"; sourceTree = "<group>"; };
		C3CC637AD67FEBD733454454 /* Pods-LSDObjcSugarUITests.debug.xcconfig */ = {isa = PBXFileReference; includeInIndex = 1; lastKnownFileType = text.xcconfig; name = "Pods-LSDObjcSugarUITests.debug.xcconfig"; path = "Pods/Target Support Files/Pods-LSDObjcSugarUITests/Pods-LSDObjcSugarUITests.debug.xcconfig"; sourceTree = "<group>"; };
		D217CE8CC198AC7F4769F802 /* libPods-LSDObjcSugarTests.a */ = {isa = PBXFileReference; explicitFileType = archive.ar; includeInIndex = 0; path = "libPods-LSDObjcSugarTests.a"; sourceTree = BUILT_PRODUCTS_DIR; };
		D75B34097D8A507E32800259 /* Pods-LSDObjcSugarTests.release.xcconfig */ = {isa = PBXFileReference; includeInIndex = 1; lastKnownFileType = text.xcconfig; name = "Pods-LSDObjcSugarTests.release.xcconfig"; path = "Pods/Target Support Files/Pods-LSDObjcSugarTests/Pods-LSDObjcSugarTests.release.xcconfig"; sourceTree = "<group>"; };
		E91E8CDA0795AD002BA5A9A5 /* libPods-LSDObjcSugar.a */ = {isa = PBXFileReference; explicitFileType = archive.ar; includeInIndex = 0; path = "libPods-LSDObjcSugar.a"; sourceTree = BUILT_PRODUCTS_DIR; };
		EA17AC65205BA237003CE29A /* UIViewController+LSDResponder.m */ = {isa = PBXFileReference; fileEncoding = 4; lastKnownFileType = sourcecode.c.objc; path = "UIViewController+LSDResponder.m"; sourceTree = "<group>"; };
		EA17AC66205BA237003CE29A /* UIViewController+LSDResponder.h */ = {isa = PBXFileReference; fileEncoding = 4; lastKnownFileType = sourcecode.c.h; path = "UIViewController+LSDResponder.h"; sourceTree = "<group>"; };
		EA6472DD1FA6F08A002B1D87 /* LSDObjcSugar.app */ = {isa = PBXFileReference; explicitFileType = wrapper.application; includeInIndex = 0; path = LSDObjcSugar.app; sourceTree = BUILT_PRODUCTS_DIR; };
		EA6472E01FA6F08A002B1D87 /* AppDelegate.h */ = {isa = PBXFileReference; lastKnownFileType = sourcecode.c.h; path = AppDelegate.h; sourceTree = "<group>"; };
		EA6472E11FA6F08A002B1D87 /* AppDelegate.m */ = {isa = PBXFileReference; lastKnownFileType = sourcecode.c.objc; path = AppDelegate.m; sourceTree = "<group>"; };
		EA6472E31FA6F08A002B1D87 /* ViewController.h */ = {isa = PBXFileReference; lastKnownFileType = sourcecode.c.h; path = ViewController.h; sourceTree = "<group>"; };
		EA6472E41FA6F08A002B1D87 /* ViewController.m */ = {isa = PBXFileReference; lastKnownFileType = sourcecode.c.objc; path = ViewController.m; sourceTree = "<group>"; };
		EA6472E71FA6F08A002B1D87 /* Base */ = {isa = PBXFileReference; lastKnownFileType = file.storyboard; name = Base; path = Base.lproj/Main.storyboard; sourceTree = "<group>"; };
		EA6472E91FA6F08A002B1D87 /* Assets.xcassets */ = {isa = PBXFileReference; lastKnownFileType = folder.assetcatalog; path = Assets.xcassets; sourceTree = "<group>"; };
		EA6472EC1FA6F08A002B1D87 /* Base */ = {isa = PBXFileReference; lastKnownFileType = file.storyboard; name = Base; path = Base.lproj/LaunchScreen.storyboard; sourceTree = "<group>"; };
		EA6472EE1FA6F08A002B1D87 /* Info.plist */ = {isa = PBXFileReference; lastKnownFileType = text.plist.xml; path = Info.plist; sourceTree = "<group>"; };
		EA6472EF1FA6F08A002B1D87 /* main.m */ = {isa = PBXFileReference; lastKnownFileType = sourcecode.c.objc; path = main.m; sourceTree = "<group>"; };
		EA6472F51FA6F08A002B1D87 /* LSDObjcSugarTests.xctest */ = {isa = PBXFileReference; explicitFileType = wrapper.cfbundle; includeInIndex = 0; path = LSDObjcSugarTests.xctest; sourceTree = BUILT_PRODUCTS_DIR; };
		EA6473001FA6F08A002B1D87 /* LSDObjcSugarUITests.xctest */ = {isa = PBXFileReference; explicitFileType = wrapper.cfbundle; includeInIndex = 0; path = LSDObjcSugarUITests.xctest; sourceTree = BUILT_PRODUCTS_DIR; };
		EAB20E7A1FB03CD5004A3C13 /* UIResponder+LSDObjcSugar.h */ = {isa = PBXFileReference; lastKnownFileType = sourcecode.c.h; path = "UIResponder+LSDObjcSugar.h"; sourceTree = "<group>"; };
		EAB20E7B1FB03CD5004A3C13 /* UIResponder+LSDObjcSugar.m */ = {isa = PBXFileReference; lastKnownFileType = sourcecode.c.objc; path = "UIResponder+LSDObjcSugar.m"; sourceTree = "<group>"; };
		EAB2AA7D1FA709280060052F /* LSDObjcSugar.h */ = {isa = PBXFileReference; fileEncoding = 4; lastKnownFileType = sourcecode.c.h; path = LSDObjcSugar.h; sourceTree = "<group>"; };
		EAB2AA7E1FA709280060052F /* MBProgressHUD+LSDObjcSugar.h */ = {isa = PBXFileReference; fileEncoding = 4; lastKnownFileType = sourcecode.c.h; path = "MBProgressHUD+LSDObjcSugar.h"; sourceTree = "<group>"; };
		EAB2AA7F1FA709280060052F /* MBProgressHUD+LSDObjcSugar.m */ = {isa = PBXFileReference; fileEncoding = 4; lastKnownFileType = sourcecode.c.objc; path = "MBProgressHUD+LSDObjcSugar.m"; sourceTree = "<group>"; };
		EAB2AA801FA709280060052F /* NSArray+Log.h */ = {isa = PBXFileReference; fileEncoding = 4; lastKnownFileType = sourcecode.c.h; path = "NSArray+Log.h"; sourceTree = "<group>"; };
		EAB2AA811FA709280060052F /* NSArray+Log.m */ = {isa = PBXFileReference; fileEncoding = 4; lastKnownFileType = sourcecode.c.objc; path = "NSArray+Log.m"; sourceTree = "<group>"; };
		EAB2AA821FA709280060052F /* NSBundle+LSDObjcSugar.h */ = {isa = PBXFileReference; fileEncoding = 4; lastKnownFileType = sourcecode.c.h; path = "NSBundle+LSDObjcSugar.h"; sourceTree = "<group>"; };
		EAB2AA831FA709280060052F /* NSBundle+LSDObjcSugar.m */ = {isa = PBXFileReference; fileEncoding = 4; lastKnownFileType = sourcecode.c.objc; path = "NSBundle+LSDObjcSugar.m"; sourceTree = "<group>"; };
		EAB2AA841FA709280060052F /* NSDate+LSDObjcSugar.h */ = {isa = PBXFileReference; fileEncoding = 4; lastKnownFileType = sourcecode.c.h; path = "NSDate+LSDObjcSugar.h"; sourceTree = "<group>"; };
		EAB2AA851FA709280060052F /* NSDate+LSDObjcSugar.m */ = {isa = PBXFileReference; fileEncoding = 4; lastKnownFileType = sourcecode.c.objc; path = "NSDate+LSDObjcSugar.m"; sourceTree = "<group>"; };
		EAB2AA861FA709280060052F /* NSString+LSDObjcSugar.h */ = {isa = PBXFileReference; fileEncoding = 4; lastKnownFileType = sourcecode.c.h; path = "NSString+LSDObjcSugar.h"; sourceTree = "<group>"; };
		EAB2AA871FA709280060052F /* NSString+LSDObjcSugar.m */ = {isa = PBXFileReference; fileEncoding = 4; lastKnownFileType = sourcecode.c.objc; path = "NSString+LSDObjcSugar.m"; sourceTree = "<group>"; };
		EAB2AA881FA709280060052F /* UIButton+LSDObjcSugar.h */ = {isa = PBXFileReference; fileEncoding = 4; lastKnownFileType = sourcecode.c.h; path = "UIButton+LSDObjcSugar.h"; sourceTree = "<group>"; };
		EAB2AA891FA709280060052F /* UIButton+LSDObjcSugar.m */ = {isa = PBXFileReference; fileEncoding = 4; lastKnownFileType = sourcecode.c.objc; path = "UIButton+LSDObjcSugar.m"; sourceTree = "<group>"; };
		EAB2AA8A1FA709280060052F /* UIColor+LSDObjcSugar.h */ = {isa = PBXFileReference; fileEncoding = 4; lastKnownFileType = sourcecode.c.h; path = "UIColor+LSDObjcSugar.h"; sourceTree = "<group>"; };
		EAB2AA8B1FA709280060052F /* UIColor+LSDObjcSugar.m */ = {isa = PBXFileReference; fileEncoding = 4; lastKnownFileType = sourcecode.c.objc; path = "UIColor+LSDObjcSugar.m"; sourceTree = "<group>"; };
		EAB2AA8C1FA709280060052F /* UIImage+LSDObjcSugar.h */ = {isa = PBXFileReference; fileEncoding = 4; lastKnownFileType = sourcecode.c.h; path = "UIImage+LSDObjcSugar.h"; sourceTree = "<group>"; };
		EAB2AA8D1FA709280060052F /* UIImage+LSDObjcSugar.m */ = {isa = PBXFileReference; fileEncoding = 4; lastKnownFileType = sourcecode.c.objc; path = "UIImage+LSDObjcSugar.m"; sourceTree = "<group>"; };
		EAB2AA8E1FA709280060052F /* UILabel+LSDObjcSugar.h */ = {isa = PBXFileReference; fileEncoding = 4; lastKnownFileType = sourcecode.c.h; path = "UILabel+LSDObjcSugar.h"; sourceTree = "<group>"; };
		EAB2AA8F1FA709280060052F /* UILabel+LSDObjcSugar.m */ = {isa = PBXFileReference; fileEncoding = 4; lastKnownFileType = sourcecode.c.objc; path = "UILabel+LSDObjcSugar.m"; sourceTree = "<group>"; };
		EAB2AA921FA709280060052F /* UITableViewCell+LSDObjcSugar.h */ = {isa = PBXFileReference; fileEncoding = 4; lastKnownFileType = sourcecode.c.h; path = "UITableViewCell+LSDObjcSugar.h"; sourceTree = "<group>"; };
		EAB2AA931FA709280060052F /* UITableViewCell+LSDObjcSugar.m */ = {isa = PBXFileReference; fileEncoding = 4; lastKnownFileType = sourcecode.c.objc; path = "UITableViewCell+LSDObjcSugar.m"; sourceTree = "<group>"; };
		EAB2AA941FA709280060052F /* UIView+LSDObjcSugar.h */ = {isa = PBXFileReference; fileEncoding = 4; lastKnownFileType = sourcecode.c.h; path = "UIView+LSDObjcSugar.h"; sourceTree = "<group>"; };
		EAB2AA951FA709280060052F /* UIView+LSDObjcSugar.m */ = {isa = PBXFileReference; fileEncoding = 4; lastKnownFileType = sourcecode.c.objc; path = "UIView+LSDObjcSugar.m"; sourceTree = "<group>"; };
		EABF252E1FE12655003C4245 /* NSObject+AssociatedObject.h */ = {isa = PBXFileReference; lastKnownFileType = sourcecode.c.h; path = "NSObject+AssociatedObject.h"; sourceTree = "<group>"; };
		EABF252F1FE12655003C4245 /* NSObject+AssociatedObject.m */ = {isa = PBXFileReference; lastKnownFileType = sourcecode.c.objc; path = "NSObject+AssociatedObject.m"; sourceTree = "<group>"; };
		EABF25311FE21633003C4245 /* UIBarButtonItem+LSDObjcSugar.h */ = {isa = PBXFileReference; lastKnownFileType = sourcecode.c.h; path = "UIBarButtonItem+LSDObjcSugar.h"; sourceTree = "<group>"; };
		EABF25321FE21633003C4245 /* UIBarButtonItem+LSDObjcSugar.m */ = {isa = PBXFileReference; lastKnownFileType = sourcecode.c.objc; path = "UIBarButtonItem+LSDObjcSugar.m"; sourceTree = "<group>"; };
/* End PBXFileReference section */

/* Begin PBXFrameworksBuildPhase section */
		EA6472DA1FA6F08A002B1D87 /* Frameworks */ = {
			isa = PBXFrameworksBuildPhase;
			buildActionMask = 2147483647;
			files = (
				97EB67228C72792FBCD86F4A /* libPods-LSDObjcSugar.a in Frameworks */,
			);
			runOnlyForDeploymentPostprocessing = 0;
		};
		EA6472F21FA6F08A002B1D87 /* Frameworks */ = {
			isa = PBXFrameworksBuildPhase;
			buildActionMask = 2147483647;
			files = (
				5A5E46CFBCC1CB189C5F8020 /* libPods-LSDObjcSugarTests.a in Frameworks */,
			);
			runOnlyForDeploymentPostprocessing = 0;
		};
		EA6472FD1FA6F08A002B1D87 /* Frameworks */ = {
			isa = PBXFrameworksBuildPhase;
			buildActionMask = 2147483647;
			files = (
				AE8FC6B11FC67CBB363FDEBD /* libPods-LSDObjcSugarUITests.a in Frameworks */,
			);
			runOnlyForDeploymentPostprocessing = 0;
		};
/* End PBXFrameworksBuildPhase section */

/* Begin PBXGroup section */
		22F07400D7BD229CD7403653 /* Frameworks */ = {
			isa = PBXGroup;
			children = (
				E91E8CDA0795AD002BA5A9A5 /* libPods-LSDObjcSugar.a */,
				D217CE8CC198AC7F4769F802 /* libPods-LSDObjcSugarTests.a */,
				9CF86BEFBCBE97E803B7B3E4 /* libPods-LSDObjcSugarUITests.a */,
			);
			name = Frameworks;
			sourceTree = "<group>";
		};
		AD67795EDD582FDA40B89BAE /* Pods */ = {
			isa = PBXGroup;
			children = (
				80B047236493F2AF33F2A949 /* Pods-LSDObjcSugar.debug.xcconfig */,
				AEE9554CE6374ACD7C4135C9 /* Pods-LSDObjcSugar.release.xcconfig */,
				267BAA3F16CC00AEFD695A24 /* Pods-LSDObjcSugarTests.debug.xcconfig */,
				D75B34097D8A507E32800259 /* Pods-LSDObjcSugarTests.release.xcconfig */,
				C3CC637AD67FEBD733454454 /* Pods-LSDObjcSugarUITests.debug.xcconfig */,
				5423C6EFCDC7A82B1FD8E95B /* Pods-LSDObjcSugarUITests.release.xcconfig */,
			);
			name = Pods;
			sourceTree = "<group>";
		};
		EA6472D41FA6F089002B1D87 = {
			isa = PBXGroup;
			children = (
				EAB2AA7C1FA709280060052F /* ObjcSugar */,
				EA6472DF1FA6F08A002B1D87 /* LSDObjcSugar */,
				EA6472DE1FA6F08A002B1D87 /* Products */,
				AD67795EDD582FDA40B89BAE /* Pods */,
				22F07400D7BD229CD7403653 /* Frameworks */,
			);
			sourceTree = "<group>";
		};
		EA6472DE1FA6F08A002B1D87 /* Products */ = {
			isa = PBXGroup;
			children = (
				EA6472DD1FA6F08A002B1D87 /* LSDObjcSugar.app */,
				EA6472F51FA6F08A002B1D87 /* LSDObjcSugarTests.xctest */,
				EA6473001FA6F08A002B1D87 /* LSDObjcSugarUITests.xctest */,
			);
			name = Products;
			sourceTree = "<group>";
		};
		EA6472DF1FA6F08A002B1D87 /* LSDObjcSugar */ = {
			isa = PBXGroup;
			children = (
				EA6472E01FA6F08A002B1D87 /* AppDelegate.h */,
				EA6472E11FA6F08A002B1D87 /* AppDelegate.m */,
				EA6472E31FA6F08A002B1D87 /* ViewController.h */,
				EA6472E41FA6F08A002B1D87 /* ViewController.m */,
				EA6472E61FA6F08A002B1D87 /* Main.storyboard */,
				EA6472E91FA6F08A002B1D87 /* Assets.xcassets */,
				EA6472EB1FA6F08A002B1D87 /* LaunchScreen.storyboard */,
				EA6472EE1FA6F08A002B1D87 /* Info.plist */,
				EA6472EF1FA6F08A002B1D87 /* main.m */,
			);
			path = LSDObjcSugar;
			sourceTree = "<group>";
		};
		EAB2AA7C1FA709280060052F /* ObjcSugar */ = {
			isa = PBXGroup;
			children = (
				EAB2AA7D1FA709280060052F /* LSDObjcSugar.h */,
				EAB2AA7E1FA709280060052F /* MBProgressHUD+LSDObjcSugar.h */,
				EAB2AA7F1FA709280060052F /* MBProgressHUD+LSDObjcSugar.m */,
				EAB2AA801FA709280060052F /* NSArray+Log.h */,
				EAB2AA811FA709280060052F /* NSArray+Log.m */,
				EAB2AA821FA709280060052F /* NSBundle+LSDObjcSugar.h */,
				EAB2AA831FA709280060052F /* NSBundle+LSDObjcSugar.m */,
				EAB2AA841FA709280060052F /* NSDate+LSDObjcSugar.h */,
				EAB2AA851FA709280060052F /* NSDate+LSDObjcSugar.m */,
				EAB2AA861FA709280060052F /* NSString+LSDObjcSugar.h */,
				EAB2AA871FA709280060052F /* NSString+LSDObjcSugar.m */,
				EAB2AA881FA709280060052F /* UIButton+LSDObjcSugar.h */,
				EAB2AA891FA709280060052F /* UIButton+LSDObjcSugar.m */,
				EAB2AA8A1FA709280060052F /* UIColor+LSDObjcSugar.h */,
				EAB2AA8B1FA709280060052F /* UIColor+LSDObjcSugar.m */,
				EAB2AA8C1FA709280060052F /* UIImage+LSDObjcSugar.h */,
				EAB2AA8D1FA709280060052F /* UIImage+LSDObjcSugar.m */,
				EAB2AA8E1FA709280060052F /* UILabel+LSDObjcSugar.h */,
				EAB2AA8F1FA709280060052F /* UILabel+LSDObjcSugar.m */,
				EAB2AA921FA709280060052F /* UITableViewCell+LSDObjcSugar.h */,
				EAB2AA931FA709280060052F /* UITableViewCell+LSDObjcSugar.m */,
				EAB2AA941FA709280060052F /* UIView+LSDObjcSugar.h */,
				EAB2AA951FA709280060052F /* UIView+LSDObjcSugar.m */,
				EABF25311FE21633003C4245 /* UIBarButtonItem+LSDObjcSugar.h */,
				EABF25321FE21633003C4245 /* UIBarButtonItem+LSDObjcSugar.m */,
				EAB20E7A1FB03CD5004A3C13 /* UIResponder+LSDObjcSugar.h */,
				EAB20E7B1FB03CD5004A3C13 /* UIResponder+LSDObjcSugar.m */,
				EABF252E1FE12655003C4245 /* NSObject+AssociatedObject.h */,
				EABF252F1FE12655003C4245 /* NSObject+AssociatedObject.m */,
				EA17AC66205BA237003CE29A /* UIViewController+LSDResponder.h */,
				EA17AC65205BA237003CE29A /* UIViewController+LSDResponder.m */,
			);
			path = ObjcSugar;
			sourceTree = "<group>";
		};
/* End PBXGroup section */

/* Begin PBXNativeTarget section */
		EA6472DC1FA6F08A002B1D87 /* LSDObjcSugar */ = {
			isa = PBXNativeTarget;
			buildConfigurationList = EA6473091FA6F08A002B1D87 /* Build configuration list for PBXNativeTarget "LSDObjcSugar" */;
			buildPhases = (
				77E1D703A79947F83FCF591F /* [CP] Check Pods Manifest.lock */,
				EA6472D91FA6F08A002B1D87 /* Sources */,
				EA6472DA1FA6F08A002B1D87 /* Frameworks */,
				EA6472DB1FA6F08A002B1D87 /* Resources */,
				79A42CAFBE1110E97D6A066F /* [CP] Embed Pods Frameworks */,
				CECE3815B17A308375EA3950 /* [CP] Copy Pods Resources */,
			);
			buildRules = (
			);
			dependencies = (
			);
			name = LSDObjcSugar;
			productName = LSDObjcSugar;
			productReference = EA6472DD1FA6F08A002B1D87 /* LSDObjcSugar.app */;
			productType = "com.apple.product-type.application";
		};
		EA6472F41FA6F08A002B1D87 /* LSDObjcSugarTests */ = {
			isa = PBXNativeTarget;
			buildConfigurationList = EA64730C1FA6F08A002B1D87 /* Build configuration list for PBXNativeTarget "LSDObjcSugarTests" */;
			buildPhases = (
				147CAD2BD0046A558BAB51CB /* [CP] Check Pods Manifest.lock */,
				EA6472F11FA6F08A002B1D87 /* Sources */,
				EA6472F21FA6F08A002B1D87 /* Frameworks */,
				EA6472F31FA6F08A002B1D87 /* Resources */,
				1053996E6C92CF015033CDBC /* [CP] Embed Pods Frameworks */,
				A99D1E2704E57E61E5B559F2 /* [CP] Copy Pods Resources */,
			);
			buildRules = (
			);
			dependencies = (
				EA6472F71FA6F08A002B1D87 /* PBXTargetDependency */,
			);
			name = LSDObjcSugarTests;
			productName = LSDObjcSugarTests;
			productReference = EA6472F51FA6F08A002B1D87 /* LSDObjcSugarTests.xctest */;
			productType = "com.apple.product-type.bundle.unit-test";
		};
		EA6472FF1FA6F08A002B1D87 /* LSDObjcSugarUITests */ = {
			isa = PBXNativeTarget;
			buildConfigurationList = EA64730F1FA6F08A002B1D87 /* Build configuration list for PBXNativeTarget "LSDObjcSugarUITests" */;
			buildPhases = (
				83E18E3361ADDD129616C4DA /* [CP] Check Pods Manifest.lock */,
				EA6472FC1FA6F08A002B1D87 /* Sources */,
				EA6472FD1FA6F08A002B1D87 /* Frameworks */,
				EA6472FE1FA6F08A002B1D87 /* Resources */,
				BA4642A2A6BBDF0029F8ECE5 /* [CP] Embed Pods Frameworks */,
				D85A34E219326286242E2BE8 /* [CP] Copy Pods Resources */,
			);
			buildRules = (
			);
			dependencies = (
				EA6473021FA6F08A002B1D87 /* PBXTargetDependency */,
			);
			name = LSDObjcSugarUITests;
			productName = LSDObjcSugarUITests;
			productReference = EA6473001FA6F08A002B1D87 /* LSDObjcSugarUITests.xctest */;
			productType = "com.apple.product-type.bundle.ui-testing";
		};
/* End PBXNativeTarget section */

/* Begin PBXProject section */
		EA6472D51FA6F089002B1D87 /* Project object */ = {
			isa = PBXProject;
			attributes = {
				LastUpgradeCheck = 0900;
				ORGANIZATIONNAME = onePiece;
				TargetAttributes = {
					EA6472DC1FA6F08A002B1D87 = {
						CreatedOnToolsVersion = 9.0;
						ProvisioningStyle = Automatic;
					};
					EA6472F41FA6F08A002B1D87 = {
						CreatedOnToolsVersion = 9.0;
						ProvisioningStyle = Automatic;
						TestTargetID = EA6472DC1FA6F08A002B1D87;
					};
					EA6472FF1FA6F08A002B1D87 = {
						CreatedOnToolsVersion = 9.0;
						ProvisioningStyle = Automatic;
						TestTargetID = EA6472DC1FA6F08A002B1D87;
					};
				};
			};
			buildConfigurationList = EA6472D81FA6F089002B1D87 /* Build configuration list for PBXProject "LSDObjcSugar" */;
			compatibilityVersion = "Xcode 8.0";
			developmentRegion = en;
			hasScannedForEncodings = 0;
			knownRegions = (
				en,
				Base,
			);
			mainGroup = EA6472D41FA6F089002B1D87;
			productRefGroup = EA6472DE1FA6F08A002B1D87 /* Products */;
			projectDirPath = "";
			projectRoot = "";
			targets = (
				EA6472DC1FA6F08A002B1D87 /* LSDObjcSugar */,
				EA6472F41FA6F08A002B1D87 /* LSDObjcSugarTests */,
				EA6472FF1FA6F08A002B1D87 /* LSDObjcSugarUITests */,
			);
		};
/* End PBXProject section */

/* Begin PBXResourcesBuildPhase section */
		EA6472DB1FA6F08A002B1D87 /* Resources */ = {
			isa = PBXResourcesBuildPhase;
			buildActionMask = 2147483647;
			files = (
				EA6472ED1FA6F08A002B1D87 /* LaunchScreen.storyboard in Resources */,
				EA6472EA1FA6F08A002B1D87 /* Assets.xcassets in Resources */,
				EA6472E81FA6F08A002B1D87 /* Main.storyboard in Resources */,
			);
			runOnlyForDeploymentPostprocessing = 0;
		};
		EA6472F31FA6F08A002B1D87 /* Resources */ = {
			isa = PBXResourcesBuildPhase;
			buildActionMask = 2147483647;
			files = (
			);
			runOnlyForDeploymentPostprocessing = 0;
		};
		EA6472FE1FA6F08A002B1D87 /* Resources */ = {
			isa = PBXResourcesBuildPhase;
			buildActionMask = 2147483647;
			files = (
			);
			runOnlyForDeploymentPostprocessing = 0;
		};
/* End PBXResourcesBuildPhase section */

/* Begin PBXShellScriptBuildPhase section */
		1053996E6C92CF015033CDBC /* [CP] Embed Pods Frameworks */ = {
			isa = PBXShellScriptBuildPhase;
			buildActionMask = 2147483647;
			files = (
			);
			inputPaths = (
			);
			name = "[CP] Embed Pods Frameworks";
			outputPaths = (
			);
			runOnlyForDeploymentPostprocessing = 0;
			shellPath = /bin/sh;
			shellScript = "\"${SRCROOT}/Pods/Target Support Files/Pods-LSDObjcSugarTests/Pods-LSDObjcSugarTests-frameworks.sh\"\n";
			showEnvVarsInLog = 0;
		};
		147CAD2BD0046A558BAB51CB /* [CP] Check Pods Manifest.lock */ = {
			isa = PBXShellScriptBuildPhase;
			buildActionMask = 2147483647;
			files = (
			);
			inputPaths = (
			);
			name = "[CP] Check Pods Manifest.lock";
			outputPaths = (
			);
			runOnlyForDeploymentPostprocessing = 0;
			shellPath = /bin/sh;
			shellScript = "diff \"${PODS_PODFILE_DIR_PATH}/Podfile.lock\" \"${PODS_ROOT}/Manifest.lock\" > /dev/null\nif [ $? != 0 ] ; then\n    # print error to STDERR\n    echo \"error: The sandbox is not in sync with the Podfile.lock. Run 'pod install' or update your CocoaPods installation.\" >&2\n    exit 1\nfi\n";
			showEnvVarsInLog = 0;
		};
		77E1D703A79947F83FCF591F /* [CP] Check Pods Manifest.lock */ = {
			isa = PBXShellScriptBuildPhase;
			buildActionMask = 2147483647;
			files = (
			);
			inputPaths = (
			);
			name = "[CP] Check Pods Manifest.lock";
			outputPaths = (
			);
			runOnlyForDeploymentPostprocessing = 0;
			shellPath = /bin/sh;
			shellScript = "diff \"${PODS_PODFILE_DIR_PATH}/Podfile.lock\" \"${PODS_ROOT}/Manifest.lock\" > /dev/null\nif [ $? != 0 ] ; then\n    # print error to STDERR\n    echo \"error: The sandbox is not in sync with the Podfile.lock. Run 'pod install' or update your CocoaPods installation.\" >&2\n    exit 1\nfi\n";
			showEnvVarsInLog = 0;
		};
		79A42CAFBE1110E97D6A066F /* [CP] Embed Pods Frameworks */ = {
			isa = PBXShellScriptBuildPhase;
			buildActionMask = 2147483647;
			files = (
			);
			inputPaths = (
			);
			name = "[CP] Embed Pods Frameworks";
			outputPaths = (
			);
			runOnlyForDeploymentPostprocessing = 0;
			shellPath = /bin/sh;
			shellScript = "\"${SRCROOT}/Pods/Target Support Files/Pods-LSDObjcSugar/Pods-LSDObjcSugar-frameworks.sh\"\n";
			showEnvVarsInLog = 0;
		};
		83E18E3361ADDD129616C4DA /* [CP] Check Pods Manifest.lock */ = {
			isa = PBXShellScriptBuildPhase;
			buildActionMask = 2147483647;
			files = (
			);
			inputPaths = (
			);
			name = "[CP] Check Pods Manifest.lock";
			outputPaths = (
			);
			runOnlyForDeploymentPostprocessing = 0;
			shellPath = /bin/sh;
			shellScript = "diff \"${PODS_PODFILE_DIR_PATH}/Podfile.lock\" \"${PODS_ROOT}/Manifest.lock\" > /dev/null\nif [ $? != 0 ] ; then\n    # print error to STDERR\n    echo \"error: The sandbox is not in sync with the Podfile.lock. Run 'pod install' or update your CocoaPods installation.\" >&2\n    exit 1\nfi\n";
			showEnvVarsInLog = 0;
		};
		A99D1E2704E57E61E5B559F2 /* [CP] Copy Pods Resources */ = {
			isa = PBXShellScriptBuildPhase;
			buildActionMask = 2147483647;
			files = (
			);
			inputPaths = (
			);
			name = "[CP] Copy Pods Resources";
			outputPaths = (
			);
			runOnlyForDeploymentPostprocessing = 0;
			shellPath = /bin/sh;
			shellScript = "\"${SRCROOT}/Pods/Target Support Files/Pods-LSDObjcSugarTests/Pods-LSDObjcSugarTests-resources.sh\"\n";
			showEnvVarsInLog = 0;
		};
		BA4642A2A6BBDF0029F8ECE5 /* [CP] Embed Pods Frameworks */ = {
			isa = PBXShellScriptBuildPhase;
			buildActionMask = 2147483647;
			files = (
			);
			inputPaths = (
			);
			name = "[CP] Embed Pods Frameworks";
			outputPaths = (
			);
			runOnlyForDeploymentPostprocessing = 0;
			shellPath = /bin/sh;
			shellScript = "\"${SRCROOT}/Pods/Target Support Files/Pods-LSDObjcSugarUITests/Pods-LSDObjcSugarUITests-frameworks.sh\"\n";
			showEnvVarsInLog = 0;
		};
		CECE3815B17A308375EA3950 /* [CP] Copy Pods Resources */ = {
			isa = PBXShellScriptBuildPhase;
			buildActionMask = 2147483647;
			files = (
			);
			inputPaths = (
			);
			name = "[CP] Copy Pods Resources";
			outputPaths = (
			);
			runOnlyForDeploymentPostprocessing = 0;
			shellPath = /bin/sh;
			shellScript = "\"${SRCROOT}/Pods/Target Support Files/Pods-LSDObjcSugar/Pods-LSDObjcSugar-resources.sh\"\n";
			showEnvVarsInLog = 0;
		};
		D85A34E219326286242E2BE8 /* [CP] Copy Pods Resources */ = {
			isa = PBXShellScriptBuildPhase;
			buildActionMask = 2147483647;
			files = (
			);
			inputPaths = (
			);
			name = "[CP] Copy Pods Resources";
			outputPaths = (
			);
			runOnlyForDeploymentPostprocessing = 0;
			shellPath = /bin/sh;
			shellScript = "\"${SRCROOT}/Pods/Target Support Files/Pods-LSDObjcSugarUITests/Pods-LSDObjcSugarUITests-resources.sh\"\n";
			showEnvVarsInLog = 0;
		};
/* End PBXShellScriptBuildPhase section */

/* Begin PBXSourcesBuildPhase section */
		EA6472D91FA6F08A002B1D87 /* Sources */ = {
			isa = PBXSourcesBuildPhase;
			buildActionMask = 2147483647;
			files = (
				EABF25301FE12655003C4245 /* NSObject+AssociatedObject.m in Sources */,
				EAB2AA9A1FA709280060052F /* NSString+LSDObjcSugar.m in Sources */,
				EAB2AA971FA709280060052F /* NSArray+Log.m in Sources */,
				EAB2AA981FA709280060052F /* NSBundle+LSDObjcSugar.m in Sources */,
				EAB20E7C1FB03CD5004A3C13 /* UIResponder+LSDObjcSugar.m in Sources */,
				EA6472E51FA6F08A002B1D87 /* ViewController.m in Sources */,
				EA6472F01FA6F08A002B1D87 /* main.m in Sources */,
				EAB2AA9E1FA709280060052F /* UILabel+LSDObjcSugar.m in Sources */,
				EABF25331FE21633003C4245 /* UIBarButtonItem+LSDObjcSugar.m in Sources */,
				EAB2AA961FA709280060052F /* MBProgressHUD+LSDObjcSugar.m in Sources */,
				EAB2AA9B1FA709280060052F /* UIButton+LSDObjcSugar.m in Sources */,
				EA6472E21FA6F08A002B1D87 /* AppDelegate.m in Sources */,
				EAB2AA9D1FA709280060052F /* UIImage+LSDObjcSugar.m in Sources */,
				EAB2AAA11FA709280060052F /* UIView+LSDObjcSugar.m in Sources */,
				EAB2AA9C1FA709280060052F /* UIColor+LSDObjcSugar.m in Sources */,
				EA17AC67205BA238003CE29A /* UIViewController+LSDResponder.m in Sources */,
				EAB2AAA01FA709280060052F /* UITableViewCell+LSDObjcSugar.m in Sources */,
				EAB2AA991FA709280060052F /* NSDate+LSDObjcSugar.m in Sources */,
			);
			runOnlyForDeploymentPostprocessing = 0;
		};
		EA6472F11FA6F08A002B1D87 /* Sources */ = {
			isa = PBXSourcesBuildPhase;
			buildActionMask = 2147483647;
			files = (
			);
			runOnlyForDeploymentPostprocessing = 0;
		};
		EA6472FC1FA6F08A002B1D87 /* Sources */ = {
			isa = PBXSourcesBuildPhase;
			buildActionMask = 2147483647;
			files = (
			);
			runOnlyForDeploymentPostprocessing = 0;
		};
/* End PBXSourcesBuildPhase section */

/* Begin PBXTargetDependency section */
		EA6472F71FA6F08A002B1D87 /* PBXTargetDependency */ = {
			isa = PBXTargetDependency;
			target = EA6472DC1FA6F08A002B1D87 /* LSDObjcSugar */;
			targetProxy = EA6472F61FA6F08A002B1D87 /* PBXContainerItemProxy */;
		};
		EA6473021FA6F08A002B1D87 /* PBXTargetDependency */ = {
			isa = PBXTargetDependency;
			target = EA6472DC1FA6F08A002B1D87 /* LSDObjcSugar */;
			targetProxy = EA6473011FA6F08A002B1D87 /* PBXContainerItemProxy */;
		};
/* End PBXTargetDependency section */

/* Begin PBXVariantGroup section */
		EA6472E61FA6F08A002B1D87 /* Main.storyboard */ = {
			isa = PBXVariantGroup;
			children = (
				EA6472E71FA6F08A002B1D87 /* Base */,
			);
			name = Main.storyboard;
			sourceTree = "<group>";
		};
		EA6472EB1FA6F08A002B1D87 /* LaunchScreen.storyboard */ = {
			isa = PBXVariantGroup;
			children = (
				EA6472EC1FA6F08A002B1D87 /* Base */,
			);
			name = LaunchScreen.storyboard;
			sourceTree = "<group>";
		};
/* End PBXVariantGroup section */

/* Begin XCBuildConfiguration section */
		EA6473071FA6F08A002B1D87 /* Debug */ = {
			isa = XCBuildConfiguration;
			buildSettings = {
				ALWAYS_SEARCH_USER_PATHS = NO;
				CLANG_ANALYZER_NONNULL = YES;
				CLANG_ANALYZER_NUMBER_OBJECT_CONVERSION = YES_AGGRESSIVE;
				CLANG_CXX_LANGUAGE_STANDARD = "gnu++14";
				CLANG_CXX_LIBRARY = "libc++";
				CLANG_ENABLE_MODULES = YES;
				CLANG_ENABLE_OBJC_ARC = YES;
				CLANG_WARN_BLOCK_CAPTURE_AUTORELEASING = YES;
				CLANG_WARN_BOOL_CONVERSION = YES;
				CLANG_WARN_COMMA = YES;
				CLANG_WARN_CONSTANT_CONVERSION = YES;
				CLANG_WARN_DIRECT_OBJC_ISA_USAGE = YES_ERROR;
				CLANG_WARN_DOCUMENTATION_COMMENTS = YES;
				CLANG_WARN_EMPTY_BODY = YES;
				CLANG_WARN_ENUM_CONVERSION = YES;
				CLANG_WARN_INFINITE_RECURSION = YES;
				CLANG_WARN_INT_CONVERSION = YES;
				CLANG_WARN_NON_LITERAL_NULL_CONVERSION = YES;
				CLANG_WARN_OBJC_LITERAL_CONVERSION = YES;
				CLANG_WARN_OBJC_ROOT_CLASS = YES_ERROR;
				CLANG_WARN_RANGE_LOOP_ANALYSIS = YES;
				CLANG_WARN_STRICT_PROTOTYPES = YES;
				CLANG_WARN_SUSPICIOUS_MOVE = YES;
				CLANG_WARN_UNGUARDED_AVAILABILITY = YES_AGGRESSIVE;
				CLANG_WARN_UNREACHABLE_CODE = YES;
				CLANG_WARN__DUPLICATE_METHOD_MATCH = YES;
				CODE_SIGN_IDENTITY = "iPhone Developer";
				COPY_PHASE_STRIP = NO;
				DEBUG_INFORMATION_FORMAT = dwarf;
				ENABLE_STRICT_OBJC_MSGSEND = YES;
				ENABLE_TESTABILITY = YES;
				GCC_C_LANGUAGE_STANDARD = gnu11;
				GCC_DYNAMIC_NO_PIC = NO;
				GCC_NO_COMMON_BLOCKS = YES;
				GCC_OPTIMIZATION_LEVEL = 0;
				GCC_PREPROCESSOR_DEFINITIONS = (
					"DEBUG=1",
					"$(inherited)",
				);
				GCC_WARN_64_TO_32_BIT_CONVERSION = YES;
				GCC_WARN_ABOUT_RETURN_TYPE = YES_ERROR;
				GCC_WARN_UNDECLARED_SELECTOR = YES;
				GCC_WARN_UNINITIALIZED_AUTOS = YES_AGGRESSIVE;
				GCC_WARN_UNUSED_FUNCTION = YES;
				GCC_WARN_UNUSED_VARIABLE = YES;
				IPHONEOS_DEPLOYMENT_TARGET = 11.0;
				MTL_ENABLE_DEBUG_INFO = YES;
				ONLY_ACTIVE_ARCH = YES;
				SDKROOT = iphoneos;
			};
			name = Debug;
		};
		EA6473081FA6F08A002B1D87 /* Release */ = {
			isa = XCBuildConfiguration;
			buildSettings = {
				ALWAYS_SEARCH_USER_PATHS = NO;
				CLANG_ANALYZER_NONNULL = YES;
				CLANG_ANALYZER_NUMBER_OBJECT_CONVERSION = YES_AGGRESSIVE;
				CLANG_CXX_LANGUAGE_STANDARD = "gnu++14";
				CLANG_CXX_LIBRARY = "libc++";
				CLANG_ENABLE_MODULES = YES;
				CLANG_ENABLE_OBJC_ARC = YES;
				CLANG_WARN_BLOCK_CAPTURE_AUTORELEASING = YES;
				CLANG_WARN_BOOL_CONVERSION = YES;
				CLANG_WARN_COMMA = YES;
				CLANG_WARN_CONSTANT_CONVERSION = YES;
				CLANG_WARN_DIRECT_OBJC_ISA_USAGE = YES_ERROR;
				CLANG_WARN_DOCUMENTATION_COMMENTS = YES;
				CLANG_WARN_EMPTY_BODY = YES;
				CLANG_WARN_ENUM_CONVERSION = YES;
				CLANG_WARN_INFINITE_RECURSION = YES;
				CLANG_WARN_INT_CONVERSION = YES;
				CLANG_WARN_NON_LITERAL_NULL_CONVERSION = YES;
				CLANG_WARN_OBJC_LITERAL_CONVERSION = YES;
				CLANG_WARN_OBJC_ROOT_CLASS = YES_ERROR;
				CLANG_WARN_RANGE_LOOP_ANALYSIS = YES;
				CLANG_WARN_STRICT_PROTOTYPES = YES;
				CLANG_WARN_SUSPICIOUS_MOVE = YES;
				CLANG_WARN_UNGUARDED_AVAILABILITY = YES_AGGRESSIVE;
				CLANG_WARN_UNREACHABLE_CODE = YES;
				CLANG_WARN__DUPLICATE_METHOD_MATCH = YES;
				CODE_SIGN_IDENTITY = "iPhone Developer";
				COPY_PHASE_STRIP = NO;
				DEBUG_INFORMATION_FORMAT = "dwarf-with-dsym";
				ENABLE_NS_ASSERTIONS = NO;
				ENABLE_STRICT_OBJC_MSGSEND = YES;
				GCC_C_LANGUAGE_STANDARD = gnu11;
				GCC_NO_COMMON_BLOCKS = YES;
				GCC_WARN_64_TO_32_BIT_CONVERSION = YES;
				GCC_WARN_ABOUT_RETURN_TYPE = YES_ERROR;
				GCC_WARN_UNDECLARED_SELECTOR = YES;
				GCC_WARN_UNINITIALIZED_AUTOS = YES_AGGRESSIVE;
				GCC_WARN_UNUSED_FUNCTION = YES;
				GCC_WARN_UNUSED_VARIABLE = YES;
				IPHONEOS_DEPLOYMENT_TARGET = 11.0;
				MTL_ENABLE_DEBUG_INFO = NO;
				SDKROOT = iphoneos;
				VALIDATE_PRODUCT = YES;
			};
			name = Release;
		};
		EA64730A1FA6F08A002B1D87 /* Debug */ = {
			isa = XCBuildConfiguration;
			baseConfigurationReference = 80B047236493F2AF33F2A949 /* Pods-LSDObjcSugar.debug.xcconfig */;
			buildSettings = {
				ASSETCATALOG_COMPILER_APPICON_NAME = AppIcon;
				CODE_SIGN_STYLE = Automatic;
				INFOPLIST_FILE = LSDObjcSugar/Info.plist;
				LD_RUNPATH_SEARCH_PATHS = "$(inherited) @executable_path/Frameworks";
				PRODUCT_BUNDLE_IDENTIFIER = onePiece.LSDObjcSugar;
				PRODUCT_NAME = "$(TARGET_NAME)";
				TARGETED_DEVICE_FAMILY = "1,2";
			};
			name = Debug;
		};
		EA64730B1FA6F08A002B1D87 /* Release */ = {
			isa = XCBuildConfiguration;
			baseConfigurationReference = AEE9554CE6374ACD7C4135C9 /* Pods-LSDObjcSugar.release.xcconfig */;
			buildSettings = {
				ASSETCATALOG_COMPILER_APPICON_NAME = AppIcon;
				CODE_SIGN_STYLE = Automatic;
				INFOPLIST_FILE = LSDObjcSugar/Info.plist;
				LD_RUNPATH_SEARCH_PATHS = "$(inherited) @executable_path/Frameworks";
				PRODUCT_BUNDLE_IDENTIFIER = onePiece.LSDObjcSugar;
				PRODUCT_NAME = "$(TARGET_NAME)";
				TARGETED_DEVICE_FAMILY = "1,2";
			};
			name = Release;
		};
		EA64730D1FA6F08A002B1D87 /* Debug */ = {
			isa = XCBuildConfiguration;
			baseConfigurationReference = 267BAA3F16CC00AEFD695A24 /* Pods-LSDObjcSugarTests.debug.xcconfig */;
			buildSettings = {
				BUNDLE_LOADER = "$(TEST_HOST)";
				CODE_SIGN_STYLE = Automatic;
				INFOPLIST_FILE = LSDObjcSugarTests/Info.plist;
				LD_RUNPATH_SEARCH_PATHS = "$(inherited) @executable_path/Frameworks @loader_path/Frameworks";
				PRODUCT_BUNDLE_IDENTIFIER = onePiece.LSDObjcSugarTests;
				PRODUCT_NAME = "$(TARGET_NAME)";
				TARGETED_DEVICE_FAMILY = "1,2";
				TEST_HOST = "$(BUILT_PRODUCTS_DIR)/LSDObjcSugar.app/LSDObjcSugar";
			};
			name = Debug;
		};
		EA64730E1FA6F08A002B1D87 /* Release */ = {
			isa = XCBuildConfiguration;
			baseConfigurationReference = D75B34097D8A507E32800259 /* Pods-LSDObjcSugarTests.release.xcconfig */;
			buildSettings = {
				BUNDLE_LOADER = "$(TEST_HOST)";
				CODE_SIGN_STYLE = Automatic;
				INFOPLIST_FILE = LSDObjcSugarTests/Info.plist;
				LD_RUNPATH_SEARCH_PATHS = "$(inherited) @executable_path/Frameworks @loader_path/Frameworks";
				PRODUCT_BUNDLE_IDENTIFIER = onePiece.LSDObjcSugarTests;
				PRODUCT_NAME = "$(TARGET_NAME)";
				TARGETED_DEVICE_FAMILY = "1,2";
				TEST_HOST = "$(BUILT_PRODUCTS_DIR)/LSDObjcSugar.app/LSDObjcSugar";
			};
			name = Release;
		};
		EA6473101FA6F08A002B1D87 /* Debug */ = {
			isa = XCBuildConfiguration;
			baseConfigurationReference = C3CC637AD67FEBD733454454 /* Pods-LSDObjcSugarUITests.debug.xcconfig */;
			buildSettings = {
				CODE_SIGN_STYLE = Automatic;
				INFOPLIST_FILE = LSDObjcSugarUITests/Info.plist;
				LD_RUNPATH_SEARCH_PATHS = "$(inherited) @executable_path/Frameworks @loader_path/Frameworks";
				PRODUCT_BUNDLE_IDENTIFIER = onePiece.LSDObjcSugarUITests;
				PRODUCT_NAME = "$(TARGET_NAME)";
				TARGETED_DEVICE_FAMILY = "1,2";
				TEST_TARGET_NAME = LSDObjcSugar;
			};
			name = Debug;
		};
		EA6473111FA6F08A002B1D87 /* Release */ = {
			isa = XCBuildConfiguration;
			baseConfigurationReference = 5423C6EFCDC7A82B1FD8E95B /* Pods-LSDObjcSugarUITests.release.xcconfig */;
			buildSettings = {
				CODE_SIGN_STYLE = Automatic;
				INFOPLIST_FILE = LSDObjcSugarUITests/Info.plist;
				LD_RUNPATH_SEARCH_PATHS = "$(inherited) @executable_path/Frameworks @loader_path/Frameworks";
				PRODUCT_BUNDLE_IDENTIFIER = onePiece.LSDObjcSugarUITests;
				PRODUCT_NAME = "$(TARGET_NAME)";
				TARGETED_DEVICE_FAMILY = "1,2";
				TEST_TARGET_NAME = LSDObjcSugar;
			};
			name = Release;
		};
/* End XCBuildConfiguration section */

/* Begin XCConfigurationList section */
		EA6472D81FA6F089002B1D87 /* Build configuration list for PBXProject "LSDObjcSugar" */ = {
			isa = XCConfigurationList;
			buildConfigurations = (
				EA6473071FA6F08A002B1D87 /* Debug */,
				EA6473081FA6F08A002B1D87 /* Release */,
			);
			defaultConfigurationIsVisible = 0;
			defaultConfigurationName = Release;
		};
		EA6473091FA6F08A002B1D87 /* Build configuration list for PBXNativeTarget "LSDObjcSugar" */ = {
			isa = XCConfigurationList;
			buildConfigurations = (
				EA64730A1FA6F08A002B1D87 /* Debug */,
				EA64730B1FA6F08A002B1D87 /* Release */,
			);
			defaultConfigurationIsVisible = 0;
			defaultConfigurationName = Release;
		};
		EA64730C1FA6F08A002B1D87 /* Build configuration list for PBXNativeTarget "LSDObjcSugarTests" */ = {
			isa = XCConfigurationList;
			buildConfigurations = (
				EA64730D1FA6F08A002B1D87 /* Debug */,
				EA64730E1FA6F08A002B1D87 /* Release */,
			);
			defaultConfigurationIsVisible = 0;
			defaultConfigurationName = Release;
		};
		EA64730F1FA6F08A002B1D87 /* Build configuration list for PBXNativeTarget "LSDObjcSugarUITests" */ = {
			isa = XCConfigurationList;
			buildConfigurations = (
				EA6473101FA6F08A002B1D87 /* Debug */,
				EA6473111FA6F08A002B1D87 /* Release */,
			);
			defaultConfigurationIsVisible = 0;
			defaultConfigurationName = Release;
		};
/* End XCConfigurationList section */
	};
	rootObject = EA6472D51FA6F089002B1D87 /* Project object */;
}
